
Microsoft Visual Studio Solution File, Format Version 12.00
# Visual Studio 15
VisualStudioVersion = 15.0.28307.106
MinimumVisualStudioVersion = 10.0.40219.1
Project("{FAE04EC0-301F-11D3-BF4B-00C04F79EFBC}") = "WindowsFormsApp1", "WindowsFormsApp1\WindowsFormsApp1.csproj", "{D6C80C7E-9D50-4D91-8662-71A10827DD6A}"
EndProject
Global
	GlobalSection(SolutionConfigurationPlatforms) = preSolution
		Debug|Any CPU = Debug|Any CPU
		Release|Any CPU = Release|Any CPU
	EndGlobalSection
	GlobalSection(ProjectConfigurationPlatforms) = postSolution
		{D6C80C7E-9D50-4D91-8662-71A10827DD6A}.Debug|Any CPU.ActiveCfg = Debug|Any CPU
		{D6C80C7E-9D50-4D91-8662-71A10827DD6A}.Debug|Any CPU.Build.0 = Debug|Any CPU
		{D6C80C7E-9D50-4D91-8662-71A10827DD6A}.Release|Any CPU.ActiveCfg = Release|Any CPU
		{D6C80C7E-9D50-4D91-8662-71A10827DD6A}.Release|Any CPU.Build.0 = Release|Any CPU
	EndGlobalSection
	GlobalSection(SolutionProperties) = preSolution
		HideSolutionNode = FALSE
	EndGlobalSection
	GlobalSection(ExtensibilityGlobals) = postSolution
		SolutionGuid = {628E0DEB-0851-4B44-B42A-010CA6945EA6}
	EndGlobalSection
EndGlobal
